// !$*UTF8*$!
{
	archiveVersion = 1;
	classes = {
	};
	objectVersion = 50;
	objects = {

/* Begin PBXBuildFile section */
		5CE7C5C62234BE8F00E92267 /* AppDelegate.swift in Sources */ = {isa = PBXBuildFile; fileRef = 5CE7C5C52234BE8F00E92267 /* AppDelegate.swift */; };
		5CE7C5C82234BE8F00E92267 /* ViewController.swift in Sources */ = {isa = PBXBuildFile; fileRef = 5CE7C5C72234BE8F00E92267 /* ViewController.swift */; };
		5CE7C5CB2234BE8F00E92267 /* Main.storyboard in Resources */ = {isa = PBXBuildFile; fileRef = 5CE7C5C92234BE8F00E92267 /* Main.storyboard */; };
		5CE7C5CD2234BE9200E92267 /* Assets.xcassets in Resources */ = {isa = PBXBuildFile; fileRef = 5CE7C5CC2234BE9200E92267 /* Assets.xcassets */; };
		5CE7C5D02234BE9200E92267 /* LaunchScreen.storyboard in Resources */ = {isa = PBXBuildFile; fileRef = 5CE7C5CE2234BE9200E92267 /* LaunchScreen.storyboard */; };
		5CE7C5D82234BF6900E92267 /* TelegraphicsView.swift in Sources */ = {isa = PBXBuildFile; fileRef = 5CE7C5D72234BF6900E92267 /* TelegraphicsView.swift */; };
		5CE7C5DA2234BFE900E92267 /* TelegraphicsViewModel.swift in Sources */ = {isa = PBXBuildFile; fileRef = 5CE7C5D92234BFE900E92267 /* TelegraphicsViewModel.swift */; };
		5CE7C5DD2234C0F600E92267 /* HalfFive.framework in Frameworks */ = {isa = PBXBuildFile; fileRef = 5CE7C5DC2234C0F500E92267 /* HalfFive.framework */; };
		5CE7C5DF2234C24400E92267 /* TelegraphicsModel.swift in Sources */ = {isa = PBXBuildFile; fileRef = 5CE7C5DE2234C24400E92267 /* TelegraphicsModel.swift */; };
		5CE7C5E12234C66100E92267 /* TelegraphicsLayer.swift in Sources */ = {isa = PBXBuildFile; fileRef = 5CE7C5E02234C66100E92267 /* TelegraphicsLayer.swift */; };
		5CE7C5E32234CB8700E92267 /* CGPoint+assertIn.swift in Sources */ = {isa = PBXBuildFile; fileRef = 5CE7C5E22234CB8700E92267 /* CGPoint+assertIn.swift */; };
/* End PBXBuildFile section */

/* Begin PBXFileReference section */
		5CE7C5C22234BE8F00E92267 /* CoreTelegraphics.app */ = {isa = PBXFileReference; explicitFileType = wrapper.application; includeInIndex = 0; path = CoreTelegraphics.app; sourceTree = BUILT_PRODUCTS_DIR; };
		5CE7C5C52234BE8F00E92267 /* AppDelegate.swift */ = {isa = PBXFileReference; lastKnownFileType = sourcecode.swift; path = AppDelegate.swift; sourceTree = "<group>"; };
		5CE7C5C72234BE8F00E92267 /* ViewController.swift */ = {isa = PBXFileReference; lastKnownFileType = sourcecode.swift; path = ViewController.swift; sourceTree = "<group>"; };
		5CE7C5CA2234BE8F00E92267 /* Base */ = {isa = PBXFileReference; lastKnownFileType = file.storyboard; name = Base; path = Base.lproj/Main.storyboard; sourceTree = "<group>"; };
		5CE7C5CC2234BE9200E92267 /* Assets.xcassets */ = {isa = PBXFileReference; lastKnownFileType = folder.assetcatalog; path = Assets.xcassets; sourceTree = "<group>"; };
		5CE7C5CF2234BE9200E92267 /* Base */ = {isa = PBXFileReference; lastKnownFileType = file.storyboard; name = Base; path = Base.lproj/LaunchScreen.storyboard; sourceTree = "<group>"; };
		5CE7C5D12234BE9200E92267 /* Info.plist */ = {isa = PBXFileReference; lastKnownFileType = text.plist.xml; path = Info.plist; sourceTree = "<group>"; };
		5CE7C5D72234BF6900E92267 /* TelegraphicsView.swift */ = {isa = PBXFileReference; lastKnownFileType = sourcecode.swift; path = TelegraphicsView.swift; sourceTree = "<group>"; };
		5CE7C5D92234BFE900E92267 /* TelegraphicsViewModel.swift */ = {isa = PBXFileReference; lastKnownFileType = sourcecode.swift; path = TelegraphicsViewModel.swift; sourceTree = "<group>"; };
		5CE7C5DC2234C0F500E92267 /* HalfFive.framework */ = {isa = PBXFileReference; lastKnownFileType = wrapper.framework; name = HalfFive.framework; path = Carthage/Build/iOS/Static/HalfFive.framework; sourceTree = "<group>"; };
		5CE7C5DE2234C24400E92267 /* TelegraphicsModel.swift */ = {isa = PBXFileReference; lastKnownFileType = sourcecode.swift; path = TelegraphicsModel.swift; sourceTree = "<group>"; };
		5CE7C5E02234C66100E92267 /* TelegraphicsLayer.swift */ = {isa = PBXFileReference; lastKnownFileType = sourcecode.swift; path = TelegraphicsLayer.swift; sourceTree = "<group>"; };
		5CE7C5E22234CB8700E92267 /* CGPoint+assertIn.swift */ = {isa = PBXFileReference; lastKnownFileType = sourcecode.swift; path = "CGPoint+assertIn.swift"; sourceTree = "<group>"; };
/* End PBXFileReference section */

/* Begin PBXFrameworksBuildPhase section */
		5CE7C5BF2234BE8F00E92267 /* Frameworks */ = {
			isa = PBXFrameworksBuildPhase;
			buildActionMask = 2147483647;
			files = (
				5CE7C5DD2234C0F600E92267 /* HalfFive.framework in Frameworks */,
			);
			runOnlyForDeploymentPostprocessing = 0;
		};
/* End PBXFrameworksBuildPhase section */

/* Begin PBXGroup section */
		5CE7C5B92234BE8F00E92267 = {
			isa = PBXGroup;
			children = (
				5CE7C5C42234BE8F00E92267 /* CoreTelegraphics */,
				5CE7C5C32234BE8F00E92267 /* Products */,
				5CE7C5DB2234C0F500E92267 /* Frameworks */,
			);
			sourceTree = "<group>";
		};
		5CE7C5C32234BE8F00E92267 /* Products */ = {
			isa = PBXGroup;
			children = (
				5CE7C5C22234BE8F00E92267 /* CoreTelegraphics.app */,
			);
			name = Products;
			sourceTree = "<group>";
		};
		5CE7C5C42234BE8F00E92267 /* CoreTelegraphics */ = {
			isa = PBXGroup;
			children = (
				5CE7C5C52234BE8F00E92267 /* AppDelegate.swift */,
				5CE7C5C72234BE8F00E92267 /* ViewController.swift */,
				5CE7C5C92234BE8F00E92267 /* Main.storyboard */,
				5CE7C5CC2234BE9200E92267 /* Assets.xcassets */,
				5CE7C5CE2234BE9200E92267 /* LaunchScreen.storyboard */,
				5CE7C5D12234BE9200E92267 /* Info.plist */,
				5CE7C5DE2234C24400E92267 /* TelegraphicsModel.swift */,
				5CE7C5D72234BF6900E92267 /* TelegraphicsView.swift */,
				5CE7C5D92234BFE900E92267 /* TelegraphicsViewModel.swift */,
				5CE7C5E02234C66100E92267 /* TelegraphicsLayer.swift */,
				5CE7C5E22234CB8700E92267 /* CGPoint+assertIn.swift */,
			);
			path = CoreTelegraphics;
			sourceTree = "<group>";
		};
		5CE7C5DB2234C0F500E92267 /* Frameworks */ = {
			isa = PBXGroup;
			children = (
				5CE7C5DC2234C0F500E92267 /* HalfFive.framework */,
			);
			name = Frameworks;
			sourceTree = "<group>";
		};
/* End PBXGroup section */

/* Begin PBXNativeTarget section */
		5CE7C5C12234BE8F00E92267 /* CoreTelegraphics */ = {
			isa = PBXNativeTarget;
			buildConfigurationList = 5CE7C5D42234BE9200E92267 /* Build configuration list for PBXNativeTarget "CoreTelegraphics" */;
			buildPhases = (
				5CE7C5BE2234BE8F00E92267 /* Sources */,
				5CE7C5BF2234BE8F00E92267 /* Frameworks */,
				5CE7C5C02234BE8F00E92267 /* Resources */,
			);
			buildRules = (
			);
			dependencies = (
			);
			name = CoreTelegraphics;
			productName = CoreTelegraphics;
			productReference = 5CE7C5C22234BE8F00E92267 /* CoreTelegraphics.app */;
			productType = "com.apple.product-type.application";
		};
/* End PBXNativeTarget section */

/* Begin PBXProject section */
		5CE7C5BA2234BE8F00E92267 /* Project object */ = {
			isa = PBXProject;
			attributes = {
				LastSwiftUpdateCheck = 1010;
				LastUpgradeCheck = 1010;
				ORGANIZATIONNAME = "Isaac Weisberg";
				TargetAttributes = {
					5CE7C5C12234BE8F00E92267 = {
						CreatedOnToolsVersion = 10.1;
					};
				};
			};
			buildConfigurationList = 5CE7C5BD2234BE8F00E92267 /* Build configuration list for PBXProject "CoreTelegraphics" */;
			compatibilityVersion = "Xcode 9.3";
			developmentRegion = en;
			hasScannedForEncodings = 0;
			knownRegions = (
				en,
				Base,
			);
			mainGroup = 5CE7C5B92234BE8F00E92267;
			productRefGroup = 5CE7C5C32234BE8F00E92267 /* Products */;
			projectDirPath = "";
			projectRoot = "";
			targets = (
				5CE7C5C12234BE8F00E92267 /* CoreTelegraphics */,
			);
		};
/* End PBXProject section */

/* Begin PBXResourcesBuildPhase section */
		5CE7C5C02234BE8F00E92267 /* Resources */ = {
			isa = PBXResourcesBuildPhase;
			buildActionMask = 2147483647;
			files = (
				5CE7C5D02234BE9200E92267 /* LaunchScreen.storyboard in Resources */,
				5CE7C5CD2234BE9200E92267 /* Assets.xcassets in Resources */,
				5CE7C5CB2234BE8F00E92267 /* Main.storyboard in Resources */,
			);
			runOnlyForDeploymentPostprocessing = 0;
		};
/* End PBXResourcesBuildPhase section */

/* Begin PBXSourcesBuildPhase section */
		5CE7C5BE2234BE8F00E92267 /* Sources */ = {
			isa = PBXSourcesBuildPhase;
			buildActionMask = 2147483647;
			files = (
				5CE7C5E32234CB8700E92267 /* CGPoint+assertIn.swift in Sources */,
				5CE7C5E12234C66100E92267 /* TelegraphicsLayer.swift in Sources */,
				5CE7C5C82234BE8F00E92267 /* ViewController.swift in Sources */,
				5CE7C5DA2234BFE900E92267 /* TelegraphicsViewModel.swift in Sources */,
				5CE7C5C62234BE8F00E92267 /* AppDelegate.swift in Sources */,
				5CE7C5DF2234C24400E92267 /* TelegraphicsModel.swift in Sources */,
				5CE7C5D82234BF6900E92267 /* TelegraphicsView.swift in Sources */,
			);
			runOnlyForDeploymentPostprocessing = 0;
		};
/* End PBXSourcesBuildPhase section */

/* Begin PBXVariantGroup section */
		5CE7C5C92234BE8F00E92267 /* Main.storyboard */ = {
			isa = PBXVariantGroup;
			children = (
				5CE7C5CA2234BE8F00E92267 /* Base */,
			);
			name = Main.storyboard;
			sourceTree = "<group>";
		};
		5CE7C5CE2234BE9200E92267 /* LaunchScreen.storyboard */ = {
			isa = PBXVariantGroup;
			children = (
				5CE7C5CF2234BE9200E92267 /* Base */,
			);
			name = LaunchScreen.storyboard;
			sourceTree = "<group>";
		};
/* End PBXVariantGroup section */

/* Begin XCBuildConfiguration section */
		5CE7C5D22234BE9200E92267 /* Debug */ = {
			isa = XCBuildConfiguration;
			buildSettings = {
				ALWAYS_SEARCH_USER_PATHS = NO;
				CLANG_ANALYZER_NONNULL = YES;
				CLANG_ANALYZER_NUMBER_OBJECT_CONVERSION = YES_AGGRESSIVE;
				CLANG_CXX_LANGUAGE_STANDARD = "gnu++14";
				CLANG_CXX_LIBRARY = "libc++";
				CLANG_ENABLE_MODULES = YES;
				CLANG_ENABLE_OBJC_ARC = YES;
				CLANG_ENABLE_OBJC_WEAK = YES;
				CLANG_WARN_BLOCK_CAPTURE_AUTORELEASING = YES;
				CLANG_WARN_BOOL_CONVERSION = YES;
				CLANG_WARN_COMMA = YES;
				CLANG_WARN_CONSTANT_CONVERSION = YES;
				CLANG_WARN_DEPRECATED_OBJC_IMPLEMENTATIONS = YES;
				CLANG_WARN_DIRECT_OBJC_ISA_USAGE = YES_ERROR;
				CLANG_WARN_DOCUMENTATION_COMMENTS = YES;
				CLANG_WARN_EMPTY_BODY = YES;
				CLANG_WARN_ENUM_CONVERSION = YES;
				CLANG_WARN_INFINITE_RECURSION = YES;
				CLANG_WARN_INT_CONVERSION = YES;
				CLANG_WARN_NON_LITERAL_NULL_CONVERSION = YES;
				CLANG_WARN_OBJC_IMPLICIT_RETAIN_SELF = YES;
				CLANG_WARN_OBJC_LITERAL_CONVERSION = YES;
				CLANG_WARN_OBJC_ROOT_CLASS = YES_ERROR;
				CLANG_WARN_RANGE_LOOP_ANALYSIS = YES;
				CLANG_WARN_STRICT_PROTOTYPES = YES;
				CLANG_WARN_SUSPICIOUS_MOVE = YES;
				CLANG_WARN_UNGUARDED_AVAILABILITY = YES_AGGRESSIVE;
				CLANG_WARN_UNREACHABLE_CODE = YES;
				CLANG_WARN__DUPLICATE_METHOD_MATCH = YES;
				CODE_SIGN_IDENTITY = "iPhone Developer";
				COPY_PHASE_STRIP = NO;
				DEBUG_INFORMATION_FORMAT = dwarf;
				ENABLE_STRICT_OBJC_MSGSEND = YES;
				ENABLE_TESTABILITY = YES;
				GCC_C_LANGUAGE_STANDARD = gnu11;
				GCC_DYNAMIC_NO_PIC = NO;
				GCC_NO_COMMON_BLOCKS = YES;
				GCC_OPTIMIZATION_LEVEL = 0;
				GCC_PREPROCESSOR_DEFINITIONS = (
					"DEBUG=1",
					"$(inherited)",
				);
				GCC_WARN_64_TO_32_BIT_CONVERSION = YES;
				GCC_WARN_ABOUT_RETURN_TYPE = YES_ERROR;
				GCC_WARN_UNDECLARED_SELECTOR = YES;
				GCC_WARN_UNINITIALIZED_AUTOS = YES_AGGRESSIVE;
				GCC_WARN_UNUSED_FUNCTION = YES;
				GCC_WARN_UNUSED_VARIABLE = YES;
				IPHONEOS_DEPLOYMENT_TARGET = 12.1;
				MTL_ENABLE_DEBUG_INFO = INCLUDE_SOURCE;
				MTL_FAST_MATH = YES;
				ONLY_ACTIVE_ARCH = YES;
				SDKROOT = iphoneos;
				SWIFT_ACTIVE_COMPILATION_CONDITIONS = DEBUG;
				SWIFT_OPTIMIZATION_LEVEL = "-Onone";
			};
			name = Debug;
		};
		5CE7C5D32234BE9200E92267 /* Release */ = {
			isa = XCBuildConfiguration;
			buildSettings = {
				ALWAYS_SEARCH_USER_PATHS = NO;
				CLANG_ANALYZER_NONNULL = YES;
				CLANG_ANALYZER_NUMBER_OBJECT_CONVERSION = YES_AGGRESSIVE;
				CLANG_CXX_LANGUAGE_STANDARD = "gnu++14";
				CLANG_CXX_LIBRARY = "libc++";
				CLANG_ENABLE_MODULES = YES;
				CLANG_ENABLE_OBJC_ARC = YES;
				CLANG_ENABLE_OBJC_WEAK = YES;
				CLANG_WARN_BLOCK_CAPTURE_AUTORELEASING = YES;
				CLANG_WARN_BOOL_CONVERSION = YES;
				CLANG_WARN_COMMA = YES;
				CLANG_WARN_CONSTANT_CONVERSION = YES;
				CLANG_WARN_DEPRECATED_OBJC_IMPLEMENTATIONS = YES;
				CLANG_WARN_DIRECT_OBJC_ISA_USAGE = YES_ERROR;
				CLANG_WARN_DOCUMENTATION_COMMENTS = YES;
				CLANG_WARN_EMPTY_BODY = YES;
				CLANG_WARN_ENUM_CONVERSION = YES;
				CLANG_WARN_INFINITE_RECURSION = YES;
				CLANG_WARN_INT_CONVERSION = YES;
				CLANG_WARN_NON_LITERAL_NULL_CONVERSION = YES;
				CLANG_WARN_OBJC_IMPLICIT_RETAIN_SELF = YES;
				CLANG_WARN_OBJC_LITERAL_CONVERSION = YES;
				CLANG_WARN_OBJC_ROOT_CLASS = YES_ERROR;
				CLANG_WARN_RANGE_LOOP_ANALYSIS = YES;
				CLANG_WARN_STRICT_PROTOTYPES = YES;
				CLANG_WARN_SUSPICIOUS_MOVE = YES;
				CLANG_WARN_UNGUARDED_AVAILABILITY = YES_AGGRESSIVE;
				CLANG_WARN_UNREACHABLE_CODE = YES;
				CLANG_WARN__DUPLICATE_METHOD_MATCH = YES;
				CODE_SIGN_IDENTITY = "iPhone Developer";
				COPY_PHASE_STRIP = NO;
				DEBUG_INFORMATION_FORMAT = "dwarf-with-dsym";
				ENABLE_NS_ASSERTIONS = NO;
				ENABLE_STRICT_OBJC_MSGSEND = YES;
				GCC_C_LANGUAGE_STANDARD = gnu11;
				GCC_NO_COMMON_BLOCKS = YES;
				GCC_WARN_64_TO_32_BIT_CONVERSION = YES;
				GCC_WARN_ABOUT_RETURN_TYPE = YES_ERROR;
				GCC_WARN_UNDECLARED_SELECTOR = YES;
				GCC_WARN_UNINITIALIZED_AUTOS = YES_AGGRESSIVE;
				GCC_WARN_UNUSED_FUNCTION = YES;
				GCC_WARN_UNUSED_VARIABLE = YES;
				IPHONEOS_DEPLOYMENT_TARGET = 12.1;
				MTL_ENABLE_DEBUG_INFO = NO;
				MTL_FAST_MATH = YES;
				SDKROOT = iphoneos;
				SWIFT_COMPILATION_MODE = wholemodule;
				SWIFT_OPTIMIZATION_LEVEL = "-O";
				VALIDATE_PRODUCT = YES;
			};
			name = Release;
		};
		5CE7C5D52234BE9200E92267 /* Debug */ = {
			isa = XCBuildConfiguration;
			buildSettings = {
				ASSETCATALOG_COMPILER_APPICON_NAME = AppIcon;
				CODE_SIGN_STYLE = Automatic;
				DEVELOPMENT_TEAM = QZRPL4EC5L;
				FRAMEWORK_SEARCH_PATHS = (
					"$(inherited)",
					"$(PROJECT_DIR)/Carthage/Build/iOS/Static",
				);
				INFOPLIST_FILE = CoreTelegraphics/Info.plist;
				LD_RUNPATH_SEARCH_PATHS = (
					"$(inherited)",
					"@executable_path/Frameworks",
				);
				PRODUCT_BUNDLE_IDENTIFIER = "net.caroline-weisberg.CoreTelegraphics";
				PRODUCT_NAME = "$(TARGET_NAME)";
				SWIFT_VERSION = 4.2;
				TARGETED_DEVICE_FAMILY = "1,2";
			};
			name = Debug;
		};
		5CE7C5D62234BE9200E92267 /* Release */ = {
			isa = XCBuildConfiguration;
			buildSettings = {
				ASSETCATALOG_COMPILER_APPICON_NAME = AppIcon;
				CODE_SIGN_STYLE = Automatic;
				DEVELOPMENT_TEAM = QZRPL4EC5L;
				FRAMEWORK_SEARCH_PATHS = (
					"$(inherited)",
					"$(PROJECT_DIR)/Carthage/Build/iOS/Static",
				);
				INFOPLIST_FILE = CoreTelegraphics/Info.plist;
				LD_RUNPATH_SEARCH_PATHS = (
					"$(inherited)",
					"@executable_path/Frameworks",
				);
				PRODUCT_BUNDLE_IDENTIFIER = "net.caroline-weisberg.CoreTelegraphics";
				PRODUCT_NAME = "$(TARGET_NAME)";
				SWIFT_VERSION = 4.2;
				TARGETED_DEVICE_FAMILY = "1,2";
			};
			name = Release;
		};
/* End XCBuildConfiguration section */

/* Begin XCConfigurationList section */
		5CE7C5BD2234BE8F00E92267 /* Build configuration list for PBXProject "CoreTelegraphics" */ = {
			isa = XCConfigurationList;
			buildConfigurations = (
				5CE7C5D22234BE9200E92267 /* Debug */,
				5CE7C5D32234BE9200E92267 /* Release */,
			);
			defaultConfigurationIsVisible = 0;
			defaultConfigurationName = Release;
		};
		5CE7C5D42234BE9200E92267 /* Build configuration list for PBXNativeTarget "CoreTelegraphics" */ = {
			isa = XCConfigurationList;
			buildConfigurations = (
				5CE7C5D52234BE9200E92267 /* Debug */,
				5CE7C5D62234BE9200E92267 /* Release */,
			);
			defaultConfigurationIsVisible = 0;
			defaultConfigurationName = Release;
		};
/* End XCConfigurationList section */
	};
	rootObject = 5CE7C5BA2234BE8F00E92267 /* Project object */;
}
